
Microsoft Visual Studio Solution File, Format Version 12.00
# Visual Studio Version 17
VisualStudioVersion = 17.5.2.0
MinimumVisualStudioVersion = 10.0.40219.1
Project("{2150E333-8FDC-42A3-9474-1A3956D46DE8}") = "src", "src", "{827E0CD3-B72D-47B6-A68D-7590B98EB39B}"
EndProject
Project("{FAE04EC0-301F-11D3-BF4B-00C04F79EFBC}") = "Simple.Mapper", "src\Simple.AutoMapper.csproj", "{573DC299-1F3A-04B2-C3B1-34965CCAD4D2}"
EndProject
Project("{2150E333-8FDC-42A3-9474-1A3956D46DE8}") = "samples", "samples", "{2D6C1C5E-1E0E-4E2C-9D46-9C507F0C7B6E}"
EndProject
Project("{2150E333-8FDC-42A3-9474-1A3956D46DE8}") = "tests", "tests", "{F6B2B4A3-7A39-4B50-AE5C-7D6E2E9E2D54}"
EndProject
Project("{FAE04EC0-301F-11D3-BF4B-00C04F79EFBC}") = "Mapper.Sample", "samples\Mapper.Sample.csproj", "{2EAF0C9D-6C10-4F7B-9C9E-8D5F0C3A4D2B}"
EndProject
Project("{FAE04EC0-301F-11D3-BF4B-00C04F79EFBC}") = "Mapper.Tests", "tests\Mapper.Tests.csproj", "{8C5C8F24-0B3D-4B6A-A8A2-6F9C5C13E9A7}"
EndProject
Project("{2150E333-8FDC-42A3-9474-1A3956D46DE8}") = "docs", "docs", "{C8D5274F-AC00-46C7-1F8D-E88E81087A52}"
	ProjectSection(SolutionItems) = preProject
		docs\DEPLOYMENT.md = docs\DEPLOYMENT.md
	EndProjectSection
EndProject
Project("{2150E333-8FDC-42A3-9474-1A3956D46DE8}") = "Solution Items", "Solution Items", "{2A3A057F-5D22-31FD-628C-DF5EF75AEF1E}"
	ProjectSection(SolutionItems) = preProject
		.gitignore = .gitignore
		CLAUDE.md = CLAUDE.md
		LICENSE.md = LICENSE.md
		README.md = README.md
	EndProjectSection
EndProject
Global
	GlobalSection(SolutionConfigurationPlatforms) = preSolution
		Debug|Any CPU = Debug|Any CPU
		Release|Any CPU = Release|Any CPU
	EndGlobalSection
	GlobalSection(ProjectConfigurationPlatforms) = postSolution
		{573DC299-1F3A-04B2-C3B1-34965CCAD4D2}.Debug|Any CPU.ActiveCfg = Debug|Any CPU
		{573DC299-1F3A-04B2-C3B1-34965CCAD4D2}.Debug|Any CPU.Build.0 = Debug|Any CPU
		{573DC299-1F3A-04B2-C3B1-34965CCAD4D2}.Release|Any CPU.ActiveCfg = Release|Any CPU
		{573DC299-1F3A-04B2-C3B1-34965CCAD4D2}.Release|Any CPU.Build.0 = Release|Any CPU
		{2EAF0C9D-6C10-4F7B-9C9E-8D5F0C3A4D2B}.Debug|Any CPU.ActiveCfg = Debug|Any CPU
		{2EAF0C9D-6C10-4F7B-9C9E-8D5F0C3A4D2B}.Debug|Any CPU.Build.0 = Debug|Any CPU
		{2EAF0C9D-6C10-4F7B-9C9E-8D5F0C3A4D2B}.Release|Any CPU.ActiveCfg = Release|Any CPU
		{2EAF0C9D-6C10-4F7B-9C9E-8D5F0C3A4D2B}.Release|Any CPU.Build.0 = Release|Any CPU
		{8C5C8F24-0B3D-4B6A-A8A2-6F9C5C13E9A7}.Debug|Any CPU.ActiveCfg = Debug|Any CPU
		{8C5C8F24-0B3D-4B6A-A8A2-6F9C5C13E9A7}.Debug|Any CPU.Build.0 = Debug|Any CPU
		{8C5C8F24-0B3D-4B6A-A8A2-6F9C5C13E9A7}.Release|Any CPU.ActiveCfg = Release|Any CPU
		{8C5C8F24-0B3D-4B6A-A8A2-6F9C5C13E9A7}.Release|Any CPU.Build.0 = Release|Any CPU
	EndGlobalSection
	GlobalSection(SolutionProperties) = preSolution
		HideSolutionNode = FALSE
	EndGlobalSection
	GlobalSection(NestedProjects) = preSolution
		{573DC299-1F3A-04B2-C3B1-34965CCAD4D2} = {827E0CD3-B72D-47B6-A68D-7590B98EB39B}
		{2EAF0C9D-6C10-4F7B-9C9E-8D5F0C3A4D2B} = {2D6C1C5E-1E0E-4E2C-9D46-9C507F0C7B6E}
		{8C5C8F24-0B3D-4B6A-A8A2-6F9C5C13E9A7} = {F6B2B4A3-7A39-4B50-AE5C-7D6E2E9E2D54}
	EndGlobalSection
	GlobalSection(ExtensibilityGlobals) = postSolution
		SolutionGuid = {7B8459C3-DA56-4F8B-BAAF-C733C33C6742}
	EndGlobalSection
EndGlobal
